
Microsoft Visual Studio Solution File, Format Version 12.00
# Visual Studio Version 16
VisualStudioVersion = 16.0.29001.49
MinimumVisualStudioVersion = 10.0.40219.1
Project("{FAE04EC0-301F-11D3-BF4B-00C04F79EFBC}") = "BearerTokenExample", "BearerTokenExample\BearerTokenExample.csproj", "{60F48704-C5A9-4EB7-9844-B729401DF5B0}"
EndProject
Global
	GlobalSection(SolutionConfigurationPlatforms) = preSolution
		Debug|Any CPU = Debug|Any CPU
		Release|Any CPU = Release|Any CPU
	EndGlobalSection
	GlobalSection(ProjectConfigurationPlatforms) = postSolution
		{60F48704-C5A9-4EB7-9844-B729401DF5B0}.Debug|Any CPU.ActiveCfg = Debug|Any CPU
		{60F48704-C5A9-4EB7-9844-B729401DF5B0}.Debug|Any CPU.Build.0 = Debug|Any CPU
		{60F48704-C5A9-4EB7-9844-B729401DF5B0}.Release|Any CPU.ActiveCfg = Release|Any CPU
		{60F48704-C5A9-4EB7-9844-B729401DF5B0}.Release|Any CPU.Build.0 = Release|Any CPU
	EndGlobalSection
	GlobalSection(SolutionProperties) = preSolution
		HideSolutionNode = FALSE
	EndGlobalSection
	GlobalSection(ExtensibilityGlobals) = postSolution
		SolutionGuid = {638E4063-6F66-43E9-A2EF-4145DD9FF2A4}
	EndGlobalSection
EndGlobal
